// !$*UTF8*$!
{
	archiveVersion = 1;
	classes = {
	};
	objectVersion = 50;
	objects = {

/* Begin PBXBuildFile section */
		B7113A5F26C3108F000A65E9 /* AppDelegate.swift in Sources */ = {isa = PBXBuildFile; fileRef = B7113A5E26C3108F000A65E9 /* AppDelegate.swift */; };
		B7113A6126C3108F000A65E9 /* SceneDelegate.swift in Sources */ = {isa = PBXBuildFile; fileRef = B7113A6026C3108F000A65E9 /* SceneDelegate.swift */; };
		B7113A6326C3108F000A65E9 /* ViewController.swift in Sources */ = {isa = PBXBuildFile; fileRef = B7113A6226C3108F000A65E9 /* ViewController.swift */; };
		B7113A6626C3108F000A65E9 /* Main.storyboard in Resources */ = {isa = PBXBuildFile; fileRef = B7113A6426C3108F000A65E9 /* Main.storyboard */; };
		B7113A6826C31090000A65E9 /* Assets.xcassets in Resources */ = {isa = PBXBuildFile; fileRef = B7113A6726C31090000A65E9 /* Assets.xcassets */; };
		B7113A6B26C31090000A65E9 /* LaunchScreen.storyboard in Resources */ = {isa = PBXBuildFile; fileRef = B7113A6926C31090000A65E9 /* LaunchScreen.storyboard */; };
		B7113A7626C31090000A65E9 /* ParstagramTests.swift in Sources */ = {isa = PBXBuildFile; fileRef = B7113A7526C31090000A65E9 /* ParstagramTests.swift */; };
		B7113A8126C31090000A65E9 /* ParstagramUITests.swift in Sources */ = {isa = PBXBuildFile; fileRef = B7113A8026C31090000A65E9 /* ParstagramUITests.swift */; };
/* End PBXBuildFile section */

/* Begin PBXContainerItemProxy section */
		B7113A7226C31090000A65E9 /* PBXContainerItemProxy */ = {
			isa = PBXContainerItemProxy;
			containerPortal = B7113A5326C3108F000A65E9 /* Project object */;
			proxyType = 1;
			remoteGlobalIDString = B7113A5A26C3108F000A65E9;
			remoteInfo = Parstagram;
		};
		B7113A7D26C31090000A65E9 /* PBXContainerItemProxy */ = {
			isa = PBXContainerItemProxy;
			containerPortal = B7113A5326C3108F000A65E9 /* Project object */;
			proxyType = 1;
			remoteGlobalIDString = B7113A5A26C3108F000A65E9;
			remoteInfo = Parstagram;
		};
/* End PBXContainerItemProxy section */

/* Begin PBXFileReference section */
		B7113A5B26C3108F000A65E9 /* Parstagram.app */ = {isa = PBXFileReference; explicitFileType = wrapper.application; includeInIndex = 0; path = Parstagram.app; sourceTree = BUILT_PRODUCTS_DIR; };
		B7113A5E26C3108F000A65E9 /* AppDelegate.swift */ = {isa = PBXFileReference; lastKnownFileType = sourcecode.swift; path = AppDelegate.swift; sourceTree = "<group>"; };
		B7113A6026C3108F000A65E9 /* SceneDelegate.swift */ = {isa = PBXFileReference; lastKnownFileType = sourcecode.swift; path = SceneDelegate.swift; sourceTree = "<group>"; };
		B7113A6226C3108F000A65E9 /* ViewController.swift */ = {isa = PBXFileReference; lastKnownFileType = sourcecode.swift; path = ViewController.swift; sourceTree = "<group>"; };
		B7113A6526C3108F000A65E9 /* Base */ = {isa = PBXFileReference; lastKnownFileType = file.storyboard; name = Base; path = Base.lproj/Main.storyboard; sourceTree = "<group>"; };
		B7113A6726C31090000A65E9 /* Assets.xcassets */ = {isa = PBXFileReference; lastKnownFileType = folder.assetcatalog; path = Assets.xcassets; sourceTree = "<group>"; };
		B7113A6A26C31090000A65E9 /* Base */ = {isa = PBXFileReference; lastKnownFileType = file.storyboard; name = Base; path = Base.lproj/LaunchScreen.storyboard; sourceTree = "<group>"; };
		B7113A6C26C31090000A65E9 /* Info.plist */ = {isa = PBXFileReference; lastKnownFileType = text.plist.xml; path = Info.plist; sourceTree = "<group>"; };
		B7113A7126C31090000A65E9 /* ParstagramTests.xctest */ = {isa = PBXFileReference; explicitFileType = wrapper.cfbundle; includeInIndex = 0; path = ParstagramTests.xctest; sourceTree = BUILT_PRODUCTS_DIR; };
		B7113A7526C31090000A65E9 /* ParstagramTests.swift */ = {isa = PBXFileReference; lastKnownFileType = sourcecode.swift; path = ParstagramTests.swift; sourceTree = "<group>"; };
		B7113A7726C31090000A65E9 /* Info.plist */ = {isa = PBXFileReference; lastKnownFileType = text.plist.xml; path = Info.plist; sourceTree = "<group>"; };
		B7113A7C26C31090000A65E9 /* ParstagramUITests.xctest */ = {isa = PBXFileReference; explicitFileType = wrapper.cfbundle; includeInIndex = 0; path = ParstagramUITests.xctest; sourceTree = BUILT_PRODUCTS_DIR; };
		B7113A8026C31090000A65E9 /* ParstagramUITests.swift */ = {isa = PBXFileReference; lastKnownFileType = sourcecode.swift; path = ParstagramUITests.swift; sourceTree = "<group>"; };
		B7113A8226C31090000A65E9 /* Info.plist */ = {isa = PBXFileReference; lastKnownFileType = text.plist.xml; path = Info.plist; sourceTree = "<group>"; };
/* End PBXFileReference section */

/* Begin PBXFrameworksBuildPhase section */
		B7113A5826C3108F000A65E9 /* Frameworks */ = {
			isa = PBXFrameworksBuildPhase;
			buildActionMask = 2147483647;
			files = (
			);
			runOnlyForDeploymentPostprocessing = 0;
		};
		B7113A6E26C31090000A65E9 /* Frameworks */ = {
			isa = PBXFrameworksBuildPhase;
			buildActionMask = 2147483647;
			files = (
			);
			runOnlyForDeploymentPostprocessing = 0;
		};
		B7113A7926C31090000A65E9 /* Frameworks */ = {
			isa = PBXFrameworksBuildPhase;
			buildActionMask = 2147483647;
			files = (
			);
			runOnlyForDeploymentPostprocessing = 0;
		};
/* End PBXFrameworksBuildPhase section */

/* Begin PBXGroup section */
		B7113A5226C3108F000A65E9 = {
			isa = PBXGroup;
			children = (
				B7113A5D26C3108F000A65E9 /* Parstagram */,
				B7113A7426C31090000A65E9 /* ParstagramTests */,
				B7113A7F26C31090000A65E9 /* ParstagramUITests */,
				B7113A5C26C3108F000A65E9 /* Products */,
			);
			sourceTree = "<group>";
		};
		B7113A5C26C3108F000A65E9 /* Products */ = {
			isa = PBXGroup;
			children = (
				B7113A5B26C3108F000A65E9 /* Parstagram.app */,
				B7113A7126C31090000A65E9 /* ParstagramTests.xctest */,
				B7113A7C26C31090000A65E9 /* ParstagramUITests.xctest */,
			);
			name = Products;
			sourceTree = "<group>";
		};
		B7113A5D26C3108F000A65E9 /* Parstagram */ = {
			isa = PBXGroup;
			children = (
				B7113A5E26C3108F000A65E9 /* AppDelegate.swift */,
				B7113A6026C3108F000A65E9 /* SceneDelegate.swift */,
				B7113A6226C3108F000A65E9 /* ViewController.swift */,
				B7113A6426C3108F000A65E9 /* Main.storyboard */,
				B7113A6726C31090000A65E9 /* Assets.xcassets */,
				B7113A6926C31090000A65E9 /* LaunchScreen.storyboard */,
				B7113A6C26C31090000A65E9 /* Info.plist */,
			);
			path = Parstagram;
			sourceTree = "<group>";
		};
		B7113A7426C31090000A65E9 /* ParstagramTests */ = {
			isa = PBXGroup;
			children = (
				B7113A7526C31090000A65E9 /* ParstagramTests.swift */,
				B7113A7726C31090000A65E9 /* Info.plist */,
			);
			path = ParstagramTests;
			sourceTree = "<group>";
		};
		B7113A7F26C31090000A65E9 /* ParstagramUITests */ = {
			isa = PBXGroup;
			children = (
				B7113A8026C31090000A65E9 /* ParstagramUITests.swift */,
				B7113A8226C31090000A65E9 /* Info.plist */,
			);
			path = ParstagramUITests;
			sourceTree = "<group>";
		};
/* End PBXGroup section */

/* Begin PBXNativeTarget section */
		B7113A5A26C3108F000A65E9 /* Parstagram */ = {
			isa = PBXNativeTarget;
			buildConfigurationList = B7113A8526C31090000A65E9 /* Build configuration list for PBXNativeTarget "Parstagram" */;
			buildPhases = (
				B7113A5726C3108F000A65E9 /* Sources */,
				B7113A5826C3108F000A65E9 /* Frameworks */,
				B7113A5926C3108F000A65E9 /* Resources */,
			);
			buildRules = (
			);
			dependencies = (
			);
			name = Parstagram;
			productName = Parstagram;
			productReference = B7113A5B26C3108F000A65E9 /* Parstagram.app */;
			productType = "com.apple.product-type.application";
		};
		B7113A7026C31090000A65E9 /* ParstagramTests */ = {
			isa = PBXNativeTarget;
			buildConfigurationList = B7113A8826C31090000A65E9 /* Build configuration list for PBXNativeTarget "ParstagramTests" */;
			buildPhases = (
				B7113A6D26C31090000A65E9 /* Sources */,
				B7113A6E26C31090000A65E9 /* Frameworks */,
				B7113A6F26C31090000A65E9 /* Resources */,
			);
			buildRules = (
			);
			dependencies = (
				B7113A7326C31090000A65E9 /* PBXTargetDependency */,
			);
			name = ParstagramTests;
			productName = ParstagramTests;
			productReference = B7113A7126C31090000A65E9 /* ParstagramTests.xctest */;
			productType = "com.apple.product-type.bundle.unit-test";
		};
		B7113A7B26C31090000A65E9 /* ParstagramUITests */ = {
			isa = PBXNativeTarget;
			buildConfigurationList = B7113A8B26C31090000A65E9 /* Build configuration list for PBXNativeTarget "ParstagramUITests" */;
			buildPhases = (
				B7113A7826C31090000A65E9 /* Sources */,
				B7113A7926C31090000A65E9 /* Frameworks */,
				B7113A7A26C31090000A65E9 /* Resources */,
			);
			buildRules = (
			);
			dependencies = (
				B7113A7E26C31090000A65E9 /* PBXTargetDependency */,
			);
			name = ParstagramUITests;
			productName = ParstagramUITests;
			productReference = B7113A7C26C31090000A65E9 /* ParstagramUITests.xctest */;
			productType = "com.apple.product-type.bundle.ui-testing";
		};
/* End PBXNativeTarget section */

/* Begin PBXProject section */
		B7113A5326C3108F000A65E9 /* Project object */ = {
			isa = PBXProject;
			attributes = {
				LastSwiftUpdateCheck = 1250;
				LastUpgradeCheck = 1250;
				TargetAttributes = {
					B7113A5A26C3108F000A65E9 = {
						CreatedOnToolsVersion = 12.5.1;
					};
					B7113A7026C31090000A65E9 = {
						CreatedOnToolsVersion = 12.5.1;
						TestTargetID = B7113A5A26C3108F000A65E9;
					};
					B7113A7B26C31090000A65E9 = {
						CreatedOnToolsVersion = 12.5.1;
						TestTargetID = B7113A5A26C3108F000A65E9;
					};
				};
			};
			buildConfigurationList = B7113A5626C3108F000A65E9 /* Build configuration list for PBXProject "Parstagram" */;
			compatibilityVersion = "Xcode 9.3";
			developmentRegion = en;
			hasScannedForEncodings = 0;
			knownRegions = (
				en,
				Base,
			);
			mainGroup = B7113A5226C3108F000A65E9;
			productRefGroup = B7113A5C26C3108F000A65E9 /* Products */;
			projectDirPath = "";
			projectRoot = "";
			targets = (
				B7113A5A26C3108F000A65E9 /* Parstagram */,
				B7113A7026C31090000A65E9 /* ParstagramTests */,
				B7113A7B26C31090000A65E9 /* ParstagramUITests */,
			);
		};
/* End PBXProject section */

/* Begin PBXResourcesBuildPhase section */
		B7113A5926C3108F000A65E9 /* Resources */ = {
			isa = PBXResourcesBuildPhase;
			buildActionMask = 2147483647;
			files = (
				B7113A6B26C31090000A65E9 /* LaunchScreen.storyboard in Resources */,
				B7113A6826C31090000A65E9 /* Assets.xcassets in Resources */,
				B7113A6626C3108F000A65E9 /* Main.storyboard in Resources */,
			);
			runOnlyForDeploymentPostprocessing = 0;
		};
		B7113A6F26C31090000A65E9 /* Resources */ = {
			isa = PBXResourcesBuildPhase;
			buildActionMask = 2147483647;
			files = (
			);
			runOnlyForDeploymentPostprocessing = 0;
		};
		B7113A7A26C31090000A65E9 /* Resources */ = {
			isa = PBXResourcesBuildPhase;
			buildActionMask = 2147483647;
			files = (
			);
			runOnlyForDeploymentPostprocessing = 0;
		};
/* End PBXResourcesBuildPhase section */

/* Begin PBXSourcesBuildPhase section */
		B7113A5726C3108F000A65E9 /* Sources */ = {
			isa = PBXSourcesBuildPhase;
			buildActionMask = 2147483647;
			files = (
				B7113A6326C3108F000A65E9 /* ViewController.swift in Sources */,
				B7113A5F26C3108F000A65E9 /* AppDelegate.swift in Sources */,
				B7113A6126C3108F000A65E9 /* SceneDelegate.swift in Sources */,
			);
			runOnlyForDeploymentPostprocessing = 0;
		};
		B7113A6D26C31090000A65E9 /* Sources */ = {
			isa = PBXSourcesBuildPhase;
			buildActionMask = 2147483647;
			files = (
				B7113A7626C31090000A65E9 /* ParstagramTests.swift in Sources */,
			);
			runOnlyForDeploymentPostprocessing = 0;
		};
		B7113A7826C31090000A65E9 /* Sources */ = {
			isa = PBXSourcesBuildPhase;
			buildActionMask = 2147483647;
			files = (
				B7113A8126C31090000A65E9 /* ParstagramUITests.swift in Sources */,
			);
			runOnlyForDeploymentPostprocessing = 0;
		};
/* End PBXSourcesBuildPhase section */

/* Begin PBXTargetDependency section */
		B7113A7326C31090000A65E9 /* PBXTargetDependency */ = {
			isa = PBXTargetDependency;
			target = B7113A5A26C3108F000A65E9 /* Parstagram */;
			targetProxy = B7113A7226C31090000A65E9 /* PBXContainerItemProxy */;
		};
		B7113A7E26C31090000A65E9 /* PBXTargetDependency */ = {
			isa = PBXTargetDependency;
			target = B7113A5A26C3108F000A65E9 /* Parstagram */;
			targetProxy = B7113A7D26C31090000A65E9 /* PBXContainerItemProxy */;
		};
/* End PBXTargetDependency section */

/* Begin PBXVariantGroup section */
		B7113A6426C3108F000A65E9 /* Main.storyboard */ = {
			isa = PBXVariantGroup;
			children = (
				B7113A6526C3108F000A65E9 /* Base */,
			);
			name = Main.storyboard;
			sourceTree = "<group>";
		};
		B7113A6926C31090000A65E9 /* LaunchScreen.storyboard */ = {
			isa = PBXVariantGroup;
			children = (
				B7113A6A26C31090000A65E9 /* Base */,
			);
			name = LaunchScreen.storyboard;
			sourceTree = "<group>";
		};
/* End PBXVariantGroup section */

/* Begin XCBuildConfiguration section */
		B7113A8326C31090000A65E9 /* Debug */ = {
			isa = XCBuildConfiguration;
			buildSettings = {
				ALWAYS_SEARCH_USER_PATHS = NO;
				CLANG_ANALYZER_NONNULL = YES;
				CLANG_ANALYZER_NUMBER_OBJECT_CONVERSION = YES_AGGRESSIVE;
				CLANG_CXX_LANGUAGE_STANDARD = "gnu++14";
				CLANG_CXX_LIBRARY = "libc++";
				CLANG_ENABLE_MODULES = YES;
				CLANG_ENABLE_OBJC_ARC = YES;
				CLANG_ENABLE_OBJC_WEAK = YES;
				CLANG_WARN_BLOCK_CAPTURE_AUTORELEASING = YES;
				CLANG_WARN_BOOL_CONVERSION = YES;
				CLANG_WARN_COMMA = YES;
				CLANG_WARN_CONSTANT_CONVERSION = YES;
				CLANG_WARN_DEPRECATED_OBJC_IMPLEMENTATIONS = YES;
				CLANG_WARN_DIRECT_OBJC_ISA_USAGE = YES_ERROR;
				CLANG_WARN_DOCUMENTATION_COMMENTS = YES;
				CLANG_WARN_EMPTY_BODY = YES;
				CLANG_WARN_ENUM_CONVERSION = YES;
				CLANG_WARN_INFINITE_RECURSION = YES;
				CLANG_WARN_INT_CONVERSION = YES;
				CLANG_WARN_NON_LITERAL_NULL_CONVERSION = YES;
				CLANG_WARN_OBJC_IMPLICIT_RETAIN_SELF = YES;
				CLANG_WARN_OBJC_LITERAL_CONVERSION = YES;
				CLANG_WARN_OBJC_ROOT_CLASS = YES_ERROR;
				CLANG_WARN_QUOTED_INCLUDE_IN_FRAMEWORK_HEADER = YES;
				CLANG_WARN_RANGE_LOOP_ANALYSIS = YES;
				CLANG_WARN_STRICT_PROTOTYPES = YES;
				CLANG_WARN_SUSPICIOUS_MOVE = YES;
				CLANG_WARN_UNGUARDED_AVAILABILITY = YES_AGGRESSIVE;
				CLANG_WARN_UNREACHABLE_CODE = YES;
				CLANG_WARN__DUPLICATE_METHOD_MATCH = YES;
				COPY_PHASE_STRIP = NO;
				DEBUG_INFORMATION_FORMAT = dwarf;
				ENABLE_STRICT_OBJC_MSGSEND = YES;
				ENABLE_TESTABILITY = YES;
				GCC_C_LANGUAGE_STANDARD = gnu11;
				GCC_DYNAMIC_NO_PIC = NO;
				GCC_NO_COMMON_BLOCKS = YES;
				GCC_OPTIMIZATION_LEVEL = 0;
				GCC_PREPROCESSOR_DEFINITIONS = (
					"DEBUG=1",
					"$(inherited)",
				);
				GCC_WARN_64_TO_32_BIT_CONVERSION = YES;
				GCC_WARN_ABOUT_RETURN_TYPE = YES_ERROR;
				GCC_WARN_UNDECLARED_SELECTOR = YES;
				GCC_WARN_UNINITIALIZED_AUTOS = YES_AGGRESSIVE;
				GCC_WARN_UNUSED_FUNCTION = YES;
				GCC_WARN_UNUSED_VARIABLE = YES;
				IPHONEOS_DEPLOYMENT_TARGET = 14.5;
				MTL_ENABLE_DEBUG_INFO = INCLUDE_SOURCE;
				MTL_FAST_MATH = YES;
				ONLY_ACTIVE_ARCH = YES;
				SDKROOT = iphoneos;
				SWIFT_ACTIVE_COMPILATION_CONDITIONS = DEBUG;
				SWIFT_OPTIMIZATION_LEVEL = "-Onone";
			};
			name = Debug;
		};
		B7113A8426C31090000A65E9 /* Release */ = {
			isa = XCBuildConfiguration;
			buildSettings = {
				ALWAYS_SEARCH_USER_PATHS = NO;
				CLANG_ANALYZER_NONNULL = YES;
				CLANG_ANALYZER_NUMBER_OBJECT_CONVERSION = YES_AGGRESSIVE;
				CLANG_CXX_LANGUAGE_STANDARD = "gnu++14";
				CLANG_CXX_LIBRARY = "libc++";
				CLANG_ENABLE_MODULES = YES;
				CLANG_ENABLE_OBJC_ARC = YES;
				CLANG_ENABLE_OBJC_WEAK = YES;
				CLANG_WARN_BLOCK_CAPTURE_AUTORELEASING = YES;
				CLANG_WARN_BOOL_CONVERSION = YES;
				CLANG_WARN_COMMA = YES;
				CLANG_WARN_CONSTANT_CONVERSION = YES;
				CLANG_WARN_DEPRECATED_OBJC_IMPLEMENTATIONS = YES;
				CLANG_WARN_DIRECT_OBJC_ISA_USAGE = YES_ERROR;
				CLANG_WARN_DOCUMENTATION_COMMENTS = YES;
				CLANG_WARN_EMPTY_BODY = YES;
				CLANG_WARN_ENUM_CONVERSION = YES;
				CLANG_WARN_INFINITE_RECURSION = YES;
				CLANG_WARN_INT_CONVERSION = YES;
				CLANG_WARN_NON_LITERAL_NULL_CONVERSION = YES;
				CLANG_WARN_OBJC_IMPLICIT_RETAIN_SELF = YES;
				CLANG_WARN_OBJC_LITERAL_CONVERSION = YES;
				CLANG_WARN_OBJC_ROOT_CLASS = YES_ERROR;
				CLANG_WARN_QUOTED_INCLUDE_IN_FRAMEWORK_HEADER = YES;
				CLANG_WARN_RANGE_LOOP_ANALYSIS = YES;
				CLANG_WARN_STRICT_PROTOTYPES = YES;
				CLANG_WARN_SUSPICIOUS_MOVE = YES;
				CLANG_WARN_UNGUARDED_AVAILABILITY = YES_AGGRESSIVE;
				CLANG_WARN_UNREACHABLE_CODE = YES;
				CLANG_WARN__DUPLICATE_METHOD_MATCH = YES;
				COPY_PHASE_STRIP = NO;
				DEBUG_INFORMATION_FORMAT = "dwarf-with-dsym";
				ENABLE_NS_ASSERTIONS = NO;
				ENABLE_STRICT_OBJC_MSGSEND = YES;
				GCC_C_LANGUAGE_STANDARD = gnu11;
				GCC_NO_COMMON_BLOCKS = YES;
				GCC_WARN_64_TO_32_BIT_CONVERSION = YES;
				GCC_WARN_ABOUT_RETURN_TYPE = YES_ERROR;
				GCC_WARN_UNDECLARED_SELECTOR = YES;
				GCC_WARN_UNINITIALIZED_AUTOS = YES_AGGRESSIVE;
				GCC_WARN_UNUSED_FUNCTION = YES;
				GCC_WARN_UNUSED_VARIABLE = YES;
				IPHONEOS_DEPLOYMENT_TARGET = 14.5;
				MTL_ENABLE_DEBUG_INFO = NO;
				MTL_FAST_MATH = YES;
				SDKROOT = iphoneos;
				SWIFT_COMPILATION_MODE = wholemodule;
				SWIFT_OPTIMIZATION_LEVEL = "-O";
				VALIDATE_PRODUCT = YES;
			};
			name = Release;
		};
		B7113A8626C31090000A65E9 /* Debug */ = {
			isa = XCBuildConfiguration;
			buildSettings = {
				ASSETCATALOG_COMPILER_APPICON_NAME = AppIcon;
				ASSETCATALOG_COMPILER_GLOBAL_ACCENT_COLOR_NAME = AccentColor;
				CODE_SIGN_STYLE = Automatic;
				INFOPLIST_FILE = Parstagram/Info.plist;
				LD_RUNPATH_SEARCH_PATHS = (
					"$(inherited)",
					"@executable_path/Frameworks",
				);
				PRODUCT_BUNDLE_IDENTIFIER = dxidegaming.Parstagram;
				PRODUCT_NAME = "$(TARGET_NAME)";
				SWIFT_VERSION = 5.0;
				TARGETED_DEVICE_FAMILY = "1,2";
			};
			name = Debug;
		};
		B7113A8726C31090000A65E9 /* Release */ = {
			isa = XCBuildConfiguration;
			buildSettings = {
				ASSETCATALOG_COMPILER_APPICON_NAME = AppIcon;
				ASSETCATALOG_COMPILER_GLOBAL_ACCENT_COLOR_NAME = AccentColor;
				CODE_SIGN_STYLE = Automatic;
				INFOPLIST_FILE = Parstagram/Info.plist;
				LD_RUNPATH_SEARCH_PATHS = (
					"$(inherited)",
					"@executable_path/Frameworks",
				);
				PRODUCT_BUNDLE_IDENTIFIER = dxidegaming.Parstagram;
				PRODUCT_NAME = "$(TARGET_NAME)";
				SWIFT_VERSION = 5.0;
				TARGETED_DEVICE_FAMILY = "1,2";
			};
			name = Release;
		};
		B7113A8926C31090000A65E9 /* Debug */ = {
			isa = XCBuildConfiguration;
			buildSettings = {
				ALWAYS_EMBED_SWIFT_STANDARD_LIBRARIES = YES;
				BUNDLE_LOADER = "$(TEST_HOST)";
				CODE_SIGN_STYLE = Automatic;
				INFOPLIST_FILE = ParstagramTests/Info.plist;
				IPHONEOS_DEPLOYMENT_TARGET = 14.5;
				LD_RUNPATH_SEARCH_PATHS = (
					"$(inherited)",
					"@executable_path/Frameworks",
					"@loader_path/Frameworks",
				);
				PRODUCT_BUNDLE_IDENTIFIER = dxidegaming.ParstagramTests;
				PRODUCT_NAME = "$(TARGET_NAME)";
				SWIFT_VERSION = 5.0;
				TARGETED_DEVICE_FAMILY = "1,2";
				TEST_HOST = "$(BUILT_PRODUCTS_DIR)/Parstagram.app/Parstagram";
			};
			name = Debug;
		};
		B7113A8A26C31090000A65E9 /* Release */ = {
			isa = XCBuildConfiguration;
			buildSettings = {
				ALWAYS_EMBED_SWIFT_STANDARD_LIBRARIES = YES;
				BUNDLE_LOADER = "$(TEST_HOST)";
				CODE_SIGN_STYLE = Automatic;
				INFOPLIST_FILE = ParstagramTests/Info.plist;
				IPHONEOS_DEPLOYMENT_TARGET = 14.5;
				LD_RUNPATH_SEARCH_PATHS = (
					"$(inherited)",
					"@executable_path/Frameworks",
					"@loader_path/Frameworks",
				);
				PRODUCT_BUNDLE_IDENTIFIER = dxidegaming.ParstagramTests;
				PRODUCT_NAME = "$(TARGET_NAME)";
				SWIFT_VERSION = 5.0;
				TARGETED_DEVICE_FAMILY = "1,2";
				TEST_HOST = "$(BUILT_PRODUCTS_DIR)/Parstagram.app/Parstagram";
			};
			name = Release;
		};
		B7113A8C26C31090000A65E9 /* Debug */ = {
			isa = XCBuildConfiguration;
			buildSettings = {
				ALWAYS_EMBED_SWIFT_STANDARD_LIBRARIES = YES;
				CODE_SIGN_STYLE = Automatic;
				INFOPLIST_FILE = ParstagramUITests/Info.plist;
				LD_RUNPATH_SEARCH_PATHS = (
					"$(inherited)",
					"@executable_path/Frameworks",
					"@loader_path/Frameworks",
				);
				PRODUCT_BUNDLE_IDENTIFIER = dxidegaming.ParstagramUITests;
				PRODUCT_NAME = "$(TARGET_NAME)";
				SWIFT_VERSION = 5.0;
				TARGETED_DEVICE_FAMILY = "1,2";
				TEST_TARGET_NAME = Parstagram;
			};
			name = Debug;
		};
		B7113A8D26C31090000A65E9 /* Release */ = {
			isa = XCBuildConfiguration;
			buildSettings = {
				ALWAYS_EMBED_SWIFT_STANDARD_LIBRARIES = YES;
				CODE_SIGN_STYLE = Automatic;
				INFOPLIST_FILE = ParstagramUITests/Info.plist;
				LD_RUNPATH_SEARCH_PATHS = (
					"$(inherited)",
					"@executable_path/Frameworks",
					"@loader_path/Frameworks",
				);
				PRODUCT_BUNDLE_IDENTIFIER = dxidegaming.ParstagramUITests;
				PRODUCT_NAME = "$(TARGET_NAME)";
				SWIFT_VERSION = 5.0;
				TARGETED_DEVICE_FAMILY = "1,2";
				TEST_TARGET_NAME = Parstagram;
			};
			name = Release;
		};
/* End XCBuildConfiguration section */

/* Begin XCConfigurationList section */
		B7113A5626C3108F000A65E9 /* Build configuration list for PBXProject "Parstagram" */ = {
			isa = XCConfigurationList;
			buildConfigurations = (
				B7113A8326C31090000A65E9 /* Debug */,
				B7113A8426C31090000A65E9 /* Release */,
			);
			defaultConfigurationIsVisible = 0;
			defaultConfigurationName = Release;
		};
		B7113A8526C31090000A65E9 /* Build configuration list for PBXNativeTarget "Parstagram" */ = {
			isa = XCConfigurationList;
			buildConfigurations = (
				B7113A8626C31090000A65E9 /* Debug */,
				B7113A8726C31090000A65E9 /* Release */,
			);
			defaultConfigurationIsVisible = 0;
			defaultConfigurationName = Release;
		};
		B7113A8826C31090000A65E9 /* Build configuration list for PBXNativeTarget "ParstagramTests" */ = {
			isa = XCConfigurationList;
			buildConfigurations = (
				B7113A8926C31090000A65E9 /* Debug */,
				B7113A8A26C31090000A65E9 /* Release */,
			);
			defaultConfigurationIsVisible = 0;
			defaultConfigurationName = Release;
		};
		B7113A8B26C31090000A65E9 /* Build configuration list for PBXNativeTarget "ParstagramUITests" */ = {
			isa = XCConfigurationList;
			buildConfigurations = (
				B7113A8C26C31090000A65E9 /* Debug */,
				B7113A8D26C31090000A65E9 /* Release */,
			);
			defaultConfigurationIsVisible = 0;
			defaultConfigurationName = Release;
		};
/* End XCConfigurationList section */
	};
	rootObject = B7113A5326C3108F000A65E9 /* Project object */;
}
